
Microsoft Visual Studio Solution File, Format Version 12.00
# Visual Studio Version 17
VisualStudioVersion = 17.0.31919.166
MinimumVisualStudioVersion = 10.0.40219.1
Project("{FAE04EC0-301F-11D3-BF4B-00C04F79EFBC}") = "4P1W", "4P1W.csproj", "{C2127951-47B6-4974-9D9C-17B797A2771C}"
EndProject
Global
	GlobalSection(SolutionConfigurationPlatforms) = preSolution
		Debug|Any CPU = Debug|Any CPU
		Release|Any CPU = Release|Any CPU
	EndGlobalSection
	GlobalSection(ProjectConfigurationPlatforms) = postSolution
		{C2127951-47B6-4974-9D9C-17B797A2771C}.Debug|Any CPU.ActiveCfg = Debug|Any CPU
		{C2127951-47B6-4974-9D9C-17B797A2771C}.Debug|Any CPU.Build.0 = Debug|Any CPU
		{C2127951-47B6-4974-9D9C-17B797A2771C}.Release|Any CPU.ActiveCfg = Release|Any CPU
		{C2127951-47B6-4974-9D9C-17B797A2771C}.Release|Any CPU.Build.0 = Release|Any CPU
	EndGlobalSection
	GlobalSection(SolutionProperties) = preSolution
		HideSolutionNode = FALSE
	EndGlobalSection
	GlobalSection(ExtensibilityGlobals) = postSolution
		SolutionGuid = {BD7BE279-DCE9-4D36-A07B-0D7E6E676255}
	EndGlobalSection
EndGlobal
